
Microsoft Visual Studio Solution File, Format Version 12.00
# Visual Studio Version 16
VisualStudioVersion = 16.0.30517.126
MinimumVisualStudioVersion = 10.0.40219.1
Project("{FAE04EC0-301F-11D3-BF4B-00C04F79EFBC}") = "BorderControl", "BorderControl.csproj", "{01184BB3-56BC-4B5C-85CE-A855E43DAE12}"
EndProject
Global
	GlobalSection(SolutionConfigurationPlatforms) = preSolution
		Debug|Any CPU = Debug|Any CPU
		Release|Any CPU = Release|Any CPU
	EndGlobalSection
	GlobalSection(ProjectConfigurationPlatforms) = postSolution
		{01184BB3-56BC-4B5C-85CE-A855E43DAE12}.Debug|Any CPU.ActiveCfg = Debug|Any CPU
		{01184BB3-56BC-4B5C-85CE-A855E43DAE12}.Debug|Any CPU.Build.0 = Debug|Any CPU
		{01184BB3-56BC-4B5C-85CE-A855E43DAE12}.Release|Any CPU.ActiveCfg = Release|Any CPU
		{01184BB3-56BC-4B5C-85CE-A855E43DAE12}.Release|Any CPU.Build.0 = Release|Any CPU
	EndGlobalSection
	GlobalSection(SolutionProperties) = preSolution
		HideSolutionNode = FALSE
	EndGlobalSection
	GlobalSection(ExtensibilityGlobals) = postSolution
		SolutionGuid = {63B767B7-E960-4052-8FAC-C0DAEB1882F2}
	EndGlobalSection
EndGlobal
